
Microsoft Visual Studio Solution File, Format Version 12.00
# Visual Studio Version 17
VisualStudioVersion = 17.8.34330.188
MinimumVisualStudioVersion = 10.0.40219.1
Project("{9A19103F-16F7-4668-BE54-9A1E7A4F7556}") = "Example", "Example\Example.csproj", "{2BA94CE8-C42D-4958-877C-EBE1A6AFE009}"
EndProject
Project("{9A19103F-16F7-4668-BE54-9A1E7A4F7556}") = "Querying", "Querying\Querying.csproj", "{AEFE3946-145F-4A89-88D2-DBF244E571A6}"
EndProject
Project("{9A19103F-16F7-4668-BE54-9A1E7A4F7556}") = "Relationship", "Relationship\Relationship.csproj", "{023F1129-3574-4DFF-93C8-8FC53D987119}"
EndProject
Project("{9A19103F-16F7-4668-BE54-9A1E7A4F7556}") = "OneToOne", "OneToOne\OneToOne.csproj", "{B3442D06-6BB3-41A3-9188-73F80520899E}"
EndProject
Project("{9A19103F-16F7-4668-BE54-9A1E7A4F7556}") = "OneToMany", "OneToMany\OneToMany.csproj", "{17A9B332-F0B0-4109-ABCD-6E9F02FEA06C}"
EndProject
Project("{9A19103F-16F7-4668-BE54-9A1E7A4F7556}") = "ManyToMany", "ManyToMany\ManyToMany.csproj", "{D81BBFFA-344C-44FA-851B-7A2887D33A5D}"
EndProject
Project("{9A19103F-16F7-4668-BE54-9A1E7A4F7556}") = "Saving_Related_Data", "Saving_Related_Data\Saving_Related_Data.csproj", "{B705F0B1-1B8F-447E-A730-FC84272A9650}"
EndProject
Project("{9A19103F-16F7-4668-BE54-9A1E7A4F7556}") = "Updating_Related_Data", "Updating_Related_Data\Updating_Related_Data.csproj", "{2CD1D86E-A17D-410B-8B0C-A297A652C9C5}"
EndProject
Project("{9A19103F-16F7-4668-BE54-9A1E7A4F7556}") = "Deleting_Related_Data", "Deleting_Related_Data\Deleting_Related_Data.csproj", "{5DD6E000-7004-483E-8B95-C12A348B718A}"
EndProject
Project("{9A19103F-16F7-4668-BE54-9A1E7A4F7556}") = "Backing_Fields", "Backing_Fields\Backing_Fields.csproj", "{7C0AA2EA-5B66-47AE-B7B5-09801DE231D8}"
EndProject
Project("{9A19103F-16F7-4668-BE54-9A1E7A4F7556}") = "Shadow_Properties", "Shadow_Properties\Shadow_Properties.csproj", "{AAAAA66F-08E6-47F8-B0B8-4358E52C78C4}"
EndProject
Project("{9A19103F-16F7-4668-BE54-9A1E7A4F7556}") = "EF_Core_Configurations", "Entity_Configurations\EF_Core_Configurations.csproj", "{4985F4F1-0BCA-4BB5-832F-2E66E420157E}"
EndProject
Project("{9A19103F-16F7-4668-BE54-9A1E7A4F7556}") = "Generated_Values", "Generated_Values\Generated_Values.csproj", "{F540758D-BB61-40E4-987F-2AAD24C4F277}"
EndProject
Project("{9A19103F-16F7-4668-BE54-9A1E7A4F7556}") = "Seperate_Confirugration_Classes", "Seperate_Confirugration_Classes\Seperate_Confirugration_Classes.csproj", "{81E0CC3F-5E38-446D-841A-CB795E4E1CAD}"
EndProject
Project("{9A19103F-16F7-4668-BE54-9A1E7A4F7556}") = "Seed_Data", "Seed_Data\Seed_Data.csproj", "{4B44C5E3-DC32-45DE-AC06-2A498FCA311D}"
EndProject
Project("{9A19103F-16F7-4668-BE54-9A1E7A4F7556}") = "Inheritance_Table_Per_Hierarchy", "Inheritance_Table_Per_Hierarchy\Inheritance_Table_Per_Hierarchy.csproj", "{4795D7F9-B9AD-4ADF-8B03-6D4BAB109B96}"
EndProject
Project("{9A19103F-16F7-4668-BE54-9A1E7A4F7556}") = "Inheritance_Table_Per_Type", "Inheritance_Table_Per_Type\Inheritance_Table_Per_Type.csproj", "{DAF2B2B1-F369-4916-A6E4-07A066486B23}"
EndProject
Project("{9A19103F-16F7-4668-BE54-9A1E7A4F7556}") = "Constraints", "Constraints\Constraints.csproj", "{E29AF400-941C-4A6D-ADA3-6B37C01930AD}"
EndProject
Project("{9A19103F-16F7-4668-BE54-9A1E7A4F7556}") = "Indexes", "Indexes\Indexes.csproj", "{0A6DA616-A039-442A-B4E6-3EEF97E0A295}"
EndProject
Project("{9A19103F-16F7-4668-BE54-9A1E7A4F7556}") = "Sequences", "Sequences\Sequences.csproj", "{2AAE7EED-F20B-47F1-A6ED-E0DEA36BEF79}"
EndProject
Project("{9A19103F-16F7-4668-BE54-9A1E7A4F7556}") = "Loading_Related_Data_Eager_Loading", "Loading_Related_Data_Eager_Loading\Loading_Related_Data_Eager_Loading.csproj", "{51620B58-38A0-4D4A-B20F-6F00007DA928}"
EndProject
Project("{FAE04EC0-301F-11D3-BF4B-00C04F79EFBC}") = "ChangeTracker", "ChangeTracker\ChangeTracker.csproj", "{7EA35259-B001-43F8-8E38-437CF22B0D39}"
EndProject
Project("{FAE04EC0-301F-11D3-BF4B-00C04F79EFBC}") = "Explicit_Loading", "Explicit_Loading\Explicit_Loading.csproj", "{E9FBCF1C-EEF4-425D-930B-B53162C215BF}"
EndProject
Global
	GlobalSection(SolutionConfigurationPlatforms) = preSolution
		Debug|Any CPU = Debug|Any CPU
		Release|Any CPU = Release|Any CPU
	EndGlobalSection
	GlobalSection(ProjectConfigurationPlatforms) = postSolution
		{2BA94CE8-C42D-4958-877C-EBE1A6AFE009}.Debug|Any CPU.ActiveCfg = Debug|Any CPU
		{2BA94CE8-C42D-4958-877C-EBE1A6AFE009}.Debug|Any CPU.Build.0 = Debug|Any CPU
		{2BA94CE8-C42D-4958-877C-EBE1A6AFE009}.Release|Any CPU.ActiveCfg = Release|Any CPU
		{2BA94CE8-C42D-4958-877C-EBE1A6AFE009}.Release|Any CPU.Build.0 = Release|Any CPU
		{AEFE3946-145F-4A89-88D2-DBF244E571A6}.Debug|Any CPU.ActiveCfg = Debug|Any CPU
		{AEFE3946-145F-4A89-88D2-DBF244E571A6}.Debug|Any CPU.Build.0 = Debug|Any CPU
		{AEFE3946-145F-4A89-88D2-DBF244E571A6}.Release|Any CPU.ActiveCfg = Release|Any CPU
		{AEFE3946-145F-4A89-88D2-DBF244E571A6}.Release|Any CPU.Build.0 = Release|Any CPU
		{023F1129-3574-4DFF-93C8-8FC53D987119}.Debug|Any CPU.ActiveCfg = Debug|Any CPU
		{023F1129-3574-4DFF-93C8-8FC53D987119}.Debug|Any CPU.Build.0 = Debug|Any CPU
		{023F1129-3574-4DFF-93C8-8FC53D987119}.Release|Any CPU.ActiveCfg = Release|Any CPU
		{023F1129-3574-4DFF-93C8-8FC53D987119}.Release|Any CPU.Build.0 = Release|Any CPU
		{B3442D06-6BB3-41A3-9188-73F80520899E}.Debug|Any CPU.ActiveCfg = Debug|Any CPU
		{B3442D06-6BB3-41A3-9188-73F80520899E}.Debug|Any CPU.Build.0 = Debug|Any CPU
		{B3442D06-6BB3-41A3-9188-73F80520899E}.Release|Any CPU.ActiveCfg = Release|Any CPU
		{B3442D06-6BB3-41A3-9188-73F80520899E}.Release|Any CPU.Build.0 = Release|Any CPU
		{17A9B332-F0B0-4109-ABCD-6E9F02FEA06C}.Debug|Any CPU.ActiveCfg = Debug|Any CPU
		{17A9B332-F0B0-4109-ABCD-6E9F02FEA06C}.Debug|Any CPU.Build.0 = Debug|Any CPU
		{17A9B332-F0B0-4109-ABCD-6E9F02FEA06C}.Release|Any CPU.ActiveCfg = Release|Any CPU
		{17A9B332-F0B0-4109-ABCD-6E9F02FEA06C}.Release|Any CPU.Build.0 = Release|Any CPU
		{D81BBFFA-344C-44FA-851B-7A2887D33A5D}.Debug|Any CPU.ActiveCfg = Debug|Any CPU
		{D81BBFFA-344C-44FA-851B-7A2887D33A5D}.Debug|Any CPU.Build.0 = Debug|Any CPU
		{D81BBFFA-344C-44FA-851B-7A2887D33A5D}.Release|Any CPU.ActiveCfg = Release|Any CPU
		{D81BBFFA-344C-44FA-851B-7A2887D33A5D}.Release|Any CPU.Build.0 = Release|Any CPU
		{B705F0B1-1B8F-447E-A730-FC84272A9650}.Debug|Any CPU.ActiveCfg = Debug|Any CPU
		{B705F0B1-1B8F-447E-A730-FC84272A9650}.Debug|Any CPU.Build.0 = Debug|Any CPU
		{B705F0B1-1B8F-447E-A730-FC84272A9650}.Release|Any CPU.ActiveCfg = Release|Any CPU
		{B705F0B1-1B8F-447E-A730-FC84272A9650}.Release|Any CPU.Build.0 = Release|Any CPU
		{2CD1D86E-A17D-410B-8B0C-A297A652C9C5}.Debug|Any CPU.ActiveCfg = Debug|Any CPU
		{2CD1D86E-A17D-410B-8B0C-A297A652C9C5}.Debug|Any CPU.Build.0 = Debug|Any CPU
		{2CD1D86E-A17D-410B-8B0C-A297A652C9C5}.Release|Any CPU.ActiveCfg = Release|Any CPU
		{2CD1D86E-A17D-410B-8B0C-A297A652C9C5}.Release|Any CPU.Build.0 = Release|Any CPU
		{5DD6E000-7004-483E-8B95-C12A348B718A}.Debug|Any CPU.ActiveCfg = Debug|Any CPU
		{5DD6E000-7004-483E-8B95-C12A348B718A}.Debug|Any CPU.Build.0 = Debug|Any CPU
		{5DD6E000-7004-483E-8B95-C12A348B718A}.Release|Any CPU.ActiveCfg = Release|Any CPU
		{5DD6E000-7004-483E-8B95-C12A348B718A}.Release|Any CPU.Build.0 = Release|Any CPU
		{7C0AA2EA-5B66-47AE-B7B5-09801DE231D8}.Debug|Any CPU.ActiveCfg = Debug|Any CPU
		{7C0AA2EA-5B66-47AE-B7B5-09801DE231D8}.Debug|Any CPU.Build.0 = Debug|Any CPU
		{7C0AA2EA-5B66-47AE-B7B5-09801DE231D8}.Release|Any CPU.ActiveCfg = Release|Any CPU
		{7C0AA2EA-5B66-47AE-B7B5-09801DE231D8}.Release|Any CPU.Build.0 = Release|Any CPU
		{AAAAA66F-08E6-47F8-B0B8-4358E52C78C4}.Debug|Any CPU.ActiveCfg = Debug|Any CPU
		{AAAAA66F-08E6-47F8-B0B8-4358E52C78C4}.Debug|Any CPU.Build.0 = Debug|Any CPU
		{AAAAA66F-08E6-47F8-B0B8-4358E52C78C4}.Release|Any CPU.ActiveCfg = Release|Any CPU
		{AAAAA66F-08E6-47F8-B0B8-4358E52C78C4}.Release|Any CPU.Build.0 = Release|Any CPU
		{4985F4F1-0BCA-4BB5-832F-2E66E420157E}.Debug|Any CPU.ActiveCfg = Debug|Any CPU
		{4985F4F1-0BCA-4BB5-832F-2E66E420157E}.Debug|Any CPU.Build.0 = Debug|Any CPU
		{4985F4F1-0BCA-4BB5-832F-2E66E420157E}.Release|Any CPU.ActiveCfg = Release|Any CPU
		{4985F4F1-0BCA-4BB5-832F-2E66E420157E}.Release|Any CPU.Build.0 = Release|Any CPU
		{F540758D-BB61-40E4-987F-2AAD24C4F277}.Debug|Any CPU.ActiveCfg = Debug|Any CPU
		{F540758D-BB61-40E4-987F-2AAD24C4F277}.Debug|Any CPU.Build.0 = Debug|Any CPU
		{F540758D-BB61-40E4-987F-2AAD24C4F277}.Release|Any CPU.ActiveCfg = Release|Any CPU
		{F540758D-BB61-40E4-987F-2AAD24C4F277}.Release|Any CPU.Build.0 = Release|Any CPU
		{81E0CC3F-5E38-446D-841A-CB795E4E1CAD}.Debug|Any CPU.ActiveCfg = Debug|Any CPU
		{81E0CC3F-5E38-446D-841A-CB795E4E1CAD}.Debug|Any CPU.Build.0 = Debug|Any CPU
		{81E0CC3F-5E38-446D-841A-CB795E4E1CAD}.Release|Any CPU.ActiveCfg = Release|Any CPU
		{81E0CC3F-5E38-446D-841A-CB795E4E1CAD}.Release|Any CPU.Build.0 = Release|Any CPU
		{4B44C5E3-DC32-45DE-AC06-2A498FCA311D}.Debug|Any CPU.ActiveCfg = Debug|Any CPU
		{4B44C5E3-DC32-45DE-AC06-2A498FCA311D}.Debug|Any CPU.Build.0 = Debug|Any CPU
		{4B44C5E3-DC32-45DE-AC06-2A498FCA311D}.Release|Any CPU.ActiveCfg = Release|Any CPU
		{4B44C5E3-DC32-45DE-AC06-2A498FCA311D}.Release|Any CPU.Build.0 = Release|Any CPU
		{4795D7F9-B9AD-4ADF-8B03-6D4BAB109B96}.Debug|Any CPU.ActiveCfg = Debug|Any CPU
		{4795D7F9-B9AD-4ADF-8B03-6D4BAB109B96}.Debug|Any CPU.Build.0 = Debug|Any CPU
		{4795D7F9-B9AD-4ADF-8B03-6D4BAB109B96}.Release|Any CPU.ActiveCfg = Release|Any CPU
		{4795D7F9-B9AD-4ADF-8B03-6D4BAB109B96}.Release|Any CPU.Build.0 = Release|Any CPU
		{DAF2B2B1-F369-4916-A6E4-07A066486B23}.Debug|Any CPU.ActiveCfg = Debug|Any CPU
		{DAF2B2B1-F369-4916-A6E4-07A066486B23}.Debug|Any CPU.Build.0 = Debug|Any CPU
		{DAF2B2B1-F369-4916-A6E4-07A066486B23}.Release|Any CPU.ActiveCfg = Release|Any CPU
		{DAF2B2B1-F369-4916-A6E4-07A066486B23}.Release|Any CPU.Build.0 = Release|Any CPU
		{E29AF400-941C-4A6D-ADA3-6B37C01930AD}.Debug|Any CPU.ActiveCfg = Debug|Any CPU
		{E29AF400-941C-4A6D-ADA3-6B37C01930AD}.Debug|Any CPU.Build.0 = Debug|Any CPU
		{E29AF400-941C-4A6D-ADA3-6B37C01930AD}.Release|Any CPU.ActiveCfg = Release|Any CPU
		{E29AF400-941C-4A6D-ADA3-6B37C01930AD}.Release|Any CPU.Build.0 = Release|Any CPU
		{0A6DA616-A039-442A-B4E6-3EEF97E0A295}.Debug|Any CPU.ActiveCfg = Debug|Any CPU
		{0A6DA616-A039-442A-B4E6-3EEF97E0A295}.Debug|Any CPU.Build.0 = Debug|Any CPU
		{0A6DA616-A039-442A-B4E6-3EEF97E0A295}.Release|Any CPU.ActiveCfg = Release|Any CPU
		{0A6DA616-A039-442A-B4E6-3EEF97E0A295}.Release|Any CPU.Build.0 = Release|Any CPU
		{2AAE7EED-F20B-47F1-A6ED-E0DEA36BEF79}.Debug|Any CPU.ActiveCfg = Debug|Any CPU
		{2AAE7EED-F20B-47F1-A6ED-E0DEA36BEF79}.Debug|Any CPU.Build.0 = Debug|Any CPU
		{2AAE7EED-F20B-47F1-A6ED-E0DEA36BEF79}.Release|Any CPU.ActiveCfg = Release|Any CPU
		{2AAE7EED-F20B-47F1-A6ED-E0DEA36BEF79}.Release|Any CPU.Build.0 = Release|Any CPU
		{51620B58-38A0-4D4A-B20F-6F00007DA928}.Debug|Any CPU.ActiveCfg = Debug|Any CPU
		{51620B58-38A0-4D4A-B20F-6F00007DA928}.Debug|Any CPU.Build.0 = Debug|Any CPU
		{51620B58-38A0-4D4A-B20F-6F00007DA928}.Release|Any CPU.ActiveCfg = Release|Any CPU
		{51620B58-38A0-4D4A-B20F-6F00007DA928}.Release|Any CPU.Build.0 = Release|Any CPU
		{7EA35259-B001-43F8-8E38-437CF22B0D39}.Debug|Any CPU.ActiveCfg = Debug|Any CPU
		{7EA35259-B001-43F8-8E38-437CF22B0D39}.Debug|Any CPU.Build.0 = Debug|Any CPU
		{7EA35259-B001-43F8-8E38-437CF22B0D39}.Release|Any CPU.ActiveCfg = Release|Any CPU
		{7EA35259-B001-43F8-8E38-437CF22B0D39}.Release|Any CPU.Build.0 = Release|Any CPU
		{E9FBCF1C-EEF4-425D-930B-B53162C215BF}.Debug|Any CPU.ActiveCfg = Debug|Any CPU
		{E9FBCF1C-EEF4-425D-930B-B53162C215BF}.Debug|Any CPU.Build.0 = Debug|Any CPU
		{E9FBCF1C-EEF4-425D-930B-B53162C215BF}.Release|Any CPU.ActiveCfg = Release|Any CPU
		{E9FBCF1C-EEF4-425D-930B-B53162C215BF}.Release|Any CPU.Build.0 = Release|Any CPU
	EndGlobalSection
	GlobalSection(SolutionProperties) = preSolution
		HideSolutionNode = FALSE
	EndGlobalSection
	GlobalSection(ExtensibilityGlobals) = postSolution
		SolutionGuid = {92E90059-425F-436D-8765-1C9DBD6DDEBC}
	EndGlobalSection
EndGlobal
