
Microsoft Visual Studio Solution File, Format Version 12.00
# Visual Studio Version 17
VisualStudioVersion = 17.8.34330.188
MinimumVisualStudioVersion = 10.0.40219.1
Project("{9A19103F-16F7-4668-BE54-9A1E7A4F7556}") = "Example", "Example\Example.csproj", "{2BA94CE8-C42D-4958-877C-EBE1A6AFE009}"
EndProject
Project("{9A19103F-16F7-4668-BE54-9A1E7A4F7556}") = "Querying", "Querying\Querying.csproj", "{AEFE3946-145F-4A89-88D2-DBF244E571A6}"
EndProject
Project("{9A19103F-16F7-4668-BE54-9A1E7A4F7556}") = "Relationship", "Relationship\Relationship.csproj", "{023F1129-3574-4DFF-93C8-8FC53D987119}"
EndProject
Project("{9A19103F-16F7-4668-BE54-9A1E7A4F7556}") = "OneToOne", "OneToOne\OneToOne.csproj", "{B3442D06-6BB3-41A3-9188-73F80520899E}"
EndProject
Project("{9A19103F-16F7-4668-BE54-9A1E7A4F7556}") = "OneToMany", "OneToMany\OneToMany.csproj", "{17A9B332-F0B0-4109-ABCD-6E9F02FEA06C}"
EndProject
Project("{FAE04EC0-301F-11D3-BF4B-00C04F79EFBC}") = "ManyToMany", "ManyToMany\ManyToMany.csproj", "{D81BBFFA-344C-44FA-851B-7A2887D33A5D}"
EndProject
Project("{FAE04EC0-301F-11D3-BF4B-00C04F79EFBC}") = "Saving_Related_Data", "Saving_Related_Data\Saving_Related_Data.csproj", "{B705F0B1-1B8F-447E-A730-FC84272A9650}"
EndProject
Global
	GlobalSection(SolutionConfigurationPlatforms) = preSolution
		Debug|Any CPU = Debug|Any CPU
		Release|Any CPU = Release|Any CPU
	EndGlobalSection
	GlobalSection(ProjectConfigurationPlatforms) = postSolution
		{2BA94CE8-C42D-4958-877C-EBE1A6AFE009}.Debug|Any CPU.ActiveCfg = Debug|Any CPU
		{2BA94CE8-C42D-4958-877C-EBE1A6AFE009}.Debug|Any CPU.Build.0 = Debug|Any CPU
		{2BA94CE8-C42D-4958-877C-EBE1A6AFE009}.Release|Any CPU.ActiveCfg = Release|Any CPU
		{2BA94CE8-C42D-4958-877C-EBE1A6AFE009}.Release|Any CPU.Build.0 = Release|Any CPU
		{AEFE3946-145F-4A89-88D2-DBF244E571A6}.Debug|Any CPU.ActiveCfg = Debug|Any CPU
		{AEFE3946-145F-4A89-88D2-DBF244E571A6}.Debug|Any CPU.Build.0 = Debug|Any CPU
		{AEFE3946-145F-4A89-88D2-DBF244E571A6}.Release|Any CPU.ActiveCfg = Release|Any CPU
		{AEFE3946-145F-4A89-88D2-DBF244E571A6}.Release|Any CPU.Build.0 = Release|Any CPU
		{023F1129-3574-4DFF-93C8-8FC53D987119}.Debug|Any CPU.ActiveCfg = Debug|Any CPU
		{023F1129-3574-4DFF-93C8-8FC53D987119}.Debug|Any CPU.Build.0 = Debug|Any CPU
		{023F1129-3574-4DFF-93C8-8FC53D987119}.Release|Any CPU.ActiveCfg = Release|Any CPU
		{023F1129-3574-4DFF-93C8-8FC53D987119}.Release|Any CPU.Build.0 = Release|Any CPU
		{B3442D06-6BB3-41A3-9188-73F80520899E}.Debug|Any CPU.ActiveCfg = Debug|Any CPU
		{B3442D06-6BB3-41A3-9188-73F80520899E}.Debug|Any CPU.Build.0 = Debug|Any CPU
		{B3442D06-6BB3-41A3-9188-73F80520899E}.Release|Any CPU.ActiveCfg = Release|Any CPU
		{B3442D06-6BB3-41A3-9188-73F80520899E}.Release|Any CPU.Build.0 = Release|Any CPU
		{17A9B332-F0B0-4109-ABCD-6E9F02FEA06C}.Debug|Any CPU.ActiveCfg = Debug|Any CPU
		{17A9B332-F0B0-4109-ABCD-6E9F02FEA06C}.Debug|Any CPU.Build.0 = Debug|Any CPU
		{17A9B332-F0B0-4109-ABCD-6E9F02FEA06C}.Release|Any CPU.ActiveCfg = Release|Any CPU
		{17A9B332-F0B0-4109-ABCD-6E9F02FEA06C}.Release|Any CPU.Build.0 = Release|Any CPU
		{D81BBFFA-344C-44FA-851B-7A2887D33A5D}.Debug|Any CPU.ActiveCfg = Debug|Any CPU
		{D81BBFFA-344C-44FA-851B-7A2887D33A5D}.Debug|Any CPU.Build.0 = Debug|Any CPU
		{D81BBFFA-344C-44FA-851B-7A2887D33A5D}.Release|Any CPU.ActiveCfg = Release|Any CPU
		{D81BBFFA-344C-44FA-851B-7A2887D33A5D}.Release|Any CPU.Build.0 = Release|Any CPU
		{B705F0B1-1B8F-447E-A730-FC84272A9650}.Debug|Any CPU.ActiveCfg = Debug|Any CPU
		{B705F0B1-1B8F-447E-A730-FC84272A9650}.Debug|Any CPU.Build.0 = Debug|Any CPU
		{B705F0B1-1B8F-447E-A730-FC84272A9650}.Release|Any CPU.ActiveCfg = Release|Any CPU
		{B705F0B1-1B8F-447E-A730-FC84272A9650}.Release|Any CPU.Build.0 = Release|Any CPU
	EndGlobalSection
	GlobalSection(SolutionProperties) = preSolution
		HideSolutionNode = FALSE
	EndGlobalSection
	GlobalSection(ExtensibilityGlobals) = postSolution
		SolutionGuid = {92E90059-425F-436D-8765-1C9DBD6DDEBC}
	EndGlobalSection
EndGlobal
